{
  "name": "js2dts",
  "version": "1.0.0",
  "lockfileVersion": 1,
  "requires": true,
  "dependencies": {
    "@babel/parser": {
      "version": "7.10.2",
      "resolved": "https://npm-private-toolkit.fangdd.net/@babel%2fparser/-/parser-7.10.2.tgz",
      "integrity": "sha1-hxgH8QRCuS/5fkeDubVPagyoEtA="
    },
    "@types/node": {
      "version": "14.0.13",
      "resolved": "https://npm-private-toolkit.fangdd.net/@types%2fnode/-/node-14.0.13.tgz",
      "integrity": "sha1-7hEo6IG4dMNxN0wfciAYk2FkF8k="
    },
    "ast-types": {
      "version": "0.13.3",
      "resolved": "https://npm-private-toolkit.fangdd.net/ast-types/-/ast-types-0.13.3.tgz",
      "integrity": "sha1-UNo/KNF728eWmjotg6DkpyrnVac="
    },
    "esprima": {
      "version": "4.0.1",
      "resolved": "https://npm-private-toolkit.fangdd.net/esprima/-/esprima-4.0.1.tgz",
      "integrity": "sha512-eGuFFw7Upda+g4p+QHvnW0RyTX/SVeJBDM/gCtMARO0cLuT2HcEKnTPvhjV6aGeqrCB/sbNop0Kszm0jsaWU4A=="
    },
    "private": {
      "version": "0.1.8",
      "resolved": "https://npm-private-toolkit.fangdd.net/private/-/private-0.1.8.tgz",
      "integrity": "sha512-VvivMrbvd2nKkiG38qjULzlc+4Vx4wm/whI9pQD35YrARNnhxeiRktSOhSukRLFNlzg6Br/cJPet5J/u19r/mg=="
    },
    "recast": {
      "version": "0.19.1",
      "resolved": "https://npm-private-toolkit.fangdd.net/recast/-/recast-0.19.1.tgz",
      "integrity": "sha1-VV82EqWhDJ9Euakjh1xR/3dd5sg=",
      "requires": {
        "ast-types": "0.13.3",
        "esprima": "~4.0.0",
        "private": "^0.1.8",
        "source-map": "~0.6.1"
      }
    },
    "source-map": {
      "version": "0.6.1",
      "resolved": "https://npm-private-toolkit.fangdd.net/source-map/-/source-map-0.6.1.tgz",
      "integrity": "sha512-UjgapumWlbMhkBgzT7Ykc5YXUT46F0iKu8SGXq0bcwP5dz/h0Plj6enJqjz1Zbq2l5WaqYnrVbwWOWMyF3F47g=="
    }
  }
}
